{
  "name": "Scope test",
  "lockfileVersion": 3,
  "requires": true,
  "packages": {
    "../Tool test/scope-css": {
      "version": "1.0.0",
      "extraneous": true,
      "bin": {
        "build": "bin/scoped-css.cjs",
        "build-all": "bin/build-all.cjs",
        "build-scss": "bin/build-scss.cjs",
        "build-webpack": "bin/build-webpack.cjs",
        "dev-all": "bin/dev-all.cjs",
        "dev-pull": "bin/pullTeamRepo.cjs",
        "dev-scss": "bin/dev-scss.cjs",
        "dev-webpack": "bin/dev-webpack.cjs",
        "install-scope-react": "bin/install-scope-react.cjs",
        "scope-dev": "bin/watch.cjs",
        "team-sync": "bin/syncTeamRepo.cjs"
      },
      "devDependencies": {
        "concurrently": "^9.1.2",
        "css-select": "^5.1.0",
        "dom-serializer": "^2.0.0",
        "fs-extra": "^11.3.0",
        "globby": "^11.1.0",
        "htmlparser2": "^10.0.0",
        "inquirer": "^12.6.3",
        "micromatch": "^4.0.8",
        "minimatch": "^10.0.1",
        "multimatch": "^6.0.0",
        "postcss": "^8.5.3"
      }
    }
  }
}
